
Microsoft Visual Studio Solution File, Format Version 12.00
# Visual Studio Version 16
VisualStudioVersion = 16.0.31424.327
MinimumVisualStudioVersion = 10.0.40219.1
Project("{FAE04EC0-301F-11D3-BF4B-00C04F79EFBC}") = "KhaiClient", "KhaiClient\KhaiClient.csproj", "{52AE922A-4206-4902-A3AE-4480F61E4C5B}"
EndProject
Project("{FAE04EC0-301F-11D3-BF4B-00C04F79EFBC}") = "ConsoleTests", "ConsoleTests\ConsoleTests.csproj", "{40E384ED-E4C0-42C8-A883-1AC5ECABA8A8}"
EndProject
Global
	GlobalSection(SolutionConfigurationPlatforms) = preSolution
		Debug|Any CPU = Debug|Any CPU
		Release|Any CPU = Release|Any CPU
	EndGlobalSection
	GlobalSection(ProjectConfigurationPlatforms) = postSolution
		{52AE922A-4206-4902-A3AE-4480F61E4C5B}.Debug|Any CPU.ActiveCfg = Debug|Any CPU
		{52AE922A-4206-4902-A3AE-4480F61E4C5B}.Debug|Any CPU.Build.0 = Debug|Any CPU
		{52AE922A-4206-4902-A3AE-4480F61E4C5B}.Release|Any CPU.ActiveCfg = Release|Any CPU
		{52AE922A-4206-4902-A3AE-4480F61E4C5B}.Release|Any CPU.Build.0 = Release|Any CPU
		{40E384ED-E4C0-42C8-A883-1AC5ECABA8A8}.Debug|Any CPU.ActiveCfg = Debug|Any CPU
		{40E384ED-E4C0-42C8-A883-1AC5ECABA8A8}.Debug|Any CPU.Build.0 = Debug|Any CPU
		{40E384ED-E4C0-42C8-A883-1AC5ECABA8A8}.Release|Any CPU.ActiveCfg = Release|Any CPU
		{40E384ED-E4C0-42C8-A883-1AC5ECABA8A8}.Release|Any CPU.Build.0 = Release|Any CPU
	EndGlobalSection
	GlobalSection(SolutionProperties) = preSolution
		HideSolutionNode = FALSE
	EndGlobalSection
	GlobalSection(ExtensibilityGlobals) = postSolution
		SolutionGuid = {B8F695FF-8EDE-414E-9B76-8F187A221A74}
	EndGlobalSection
EndGlobal
